
Microsoft Visual Studio Solution File, Format Version 12.00
# Visual Studio Version 16
VisualStudioVersion = 16.0.29326.143
MinimumVisualStudioVersion = 10.0.40219.1
Project("{9A19103F-16F7-4668-BE54-9A1E7A4F7556}") = "EC_Website", "src\Web\EC_Website.csproj", "{B20FD7C8-7130-4D66-A013-39B2389EB1A6}"
EndProject
Project("{9A19103F-16F7-4668-BE54-9A1E7A4F7556}") = "VkDonate.Api", "src\VkDonate.Api\VkDonate.Api.csproj", "{C492FBAB-7111-488E-81BD-8C8EB42BF4A7}"
EndProject
Project("{9A19103F-16F7-4668-BE54-9A1E7A4F7556}") = "EC_Website.UnitTest", "src\Test\EC_Website.UnitTest.csproj", "{2AFBB057-8E0F-4628-A4BF-F2CA57FBA979}"
EndProject
Global
	GlobalSection(SolutionConfigurationPlatforms) = preSolution
		Debug|Any CPU = Debug|Any CPU
		Release|Any CPU = Release|Any CPU
	EndGlobalSection
	GlobalSection(ProjectConfigurationPlatforms) = postSolution
		{B20FD7C8-7130-4D66-A013-39B2389EB1A6}.Debug|Any CPU.ActiveCfg = Debug|Any CPU
		{B20FD7C8-7130-4D66-A013-39B2389EB1A6}.Debug|Any CPU.Build.0 = Debug|Any CPU
		{B20FD7C8-7130-4D66-A013-39B2389EB1A6}.Release|Any CPU.ActiveCfg = Release|Any CPU
		{B20FD7C8-7130-4D66-A013-39B2389EB1A6}.Release|Any CPU.Build.0 = Release|Any CPU
		{C492FBAB-7111-488E-81BD-8C8EB42BF4A7}.Debug|Any CPU.ActiveCfg = Debug|Any CPU
		{C492FBAB-7111-488E-81BD-8C8EB42BF4A7}.Debug|Any CPU.Build.0 = Debug|Any CPU
		{C492FBAB-7111-488E-81BD-8C8EB42BF4A7}.Release|Any CPU.ActiveCfg = Release|Any CPU
		{C492FBAB-7111-488E-81BD-8C8EB42BF4A7}.Release|Any CPU.Build.0 = Release|Any CPU
		{2AFBB057-8E0F-4628-A4BF-F2CA57FBA979}.Debug|Any CPU.ActiveCfg = Debug|Any CPU
		{2AFBB057-8E0F-4628-A4BF-F2CA57FBA979}.Debug|Any CPU.Build.0 = Debug|Any CPU
		{2AFBB057-8E0F-4628-A4BF-F2CA57FBA979}.Release|Any CPU.ActiveCfg = Release|Any CPU
		{2AFBB057-8E0F-4628-A4BF-F2CA57FBA979}.Release|Any CPU.Build.0 = Release|Any CPU
	EndGlobalSection
	GlobalSection(SolutionProperties) = preSolution
		HideSolutionNode = FALSE
	EndGlobalSection
	GlobalSection(ExtensibilityGlobals) = postSolution
		SolutionGuid = {9110D380-DE32-4931-828A-1F7C195E74C6}
	EndGlobalSection
EndGlobal
